
Microsoft Visual Studio Solution File, Format Version 12.00
# Visual Studio Version 16
VisualStudioVersion = 16.0.29519.87
MinimumVisualStudioVersion = 10.0.40219.1
Project("{FAE04EC0-301F-11D3-BF4B-00C04F79EFBC}") = "CS", "CS\CS.csproj", "{BDB1A5A6-FB30-4B92-B30D-19E29B2053EB}"
EndProject
Global
	GlobalSection(SolutionConfigurationPlatforms) = preSolution
		Debug|Any CPU = Debug|Any CPU
		Release|Any CPU = Release|Any CPU
	EndGlobalSection
	GlobalSection(ProjectConfigurationPlatforms) = postSolution
		{BDB1A5A6-FB30-4B92-B30D-19E29B2053EB}.Debug|Any CPU.ActiveCfg = Debug|Any CPU
		{BDB1A5A6-FB30-4B92-B30D-19E29B2053EB}.Debug|Any CPU.Build.0 = Debug|Any CPU
		{BDB1A5A6-FB30-4B92-B30D-19E29B2053EB}.Release|Any CPU.ActiveCfg = Release|Any CPU
		{BDB1A5A6-FB30-4B92-B30D-19E29B2053EB}.Release|Any CPU.Build.0 = Release|Any CPU
	EndGlobalSection
	GlobalSection(SolutionProperties) = preSolution
		HideSolutionNode = FALSE
	EndGlobalSection
	GlobalSection(ExtensibilityGlobals) = postSolution
		SolutionGuid = {576B3CD5-A946-4490-971D-991EE7A51566}
	EndGlobalSection
EndGlobal
